
Microsoft Visual Studio Solution File, Format Version 12.00
# Visual Studio Version 17
VisualStudioVersion = 17.7.34003.232
MinimumVisualStudioVersion = 10.0.40219.1
Project("{FAE04EC0-301F-11D3-BF4B-00C04F79EFBC}") = "Battleship", "Battleship.csproj", "{4473CE41-F2E9-4469-B833-4887AB3AD43E}"
EndProject
Global
	GlobalSection(SolutionConfigurationPlatforms) = preSolution
		Debug|Any CPU = Debug|Any CPU
		Release|Any CPU = Release|Any CPU
	EndGlobalSection
	GlobalSection(ProjectConfigurationPlatforms) = postSolution
		{4473CE41-F2E9-4469-B833-4887AB3AD43E}.Debug|Any CPU.ActiveCfg = Debug|Any CPU
		{4473CE41-F2E9-4469-B833-4887AB3AD43E}.Debug|Any CPU.Build.0 = Debug|Any CPU
		{4473CE41-F2E9-4469-B833-4887AB3AD43E}.Release|Any CPU.ActiveCfg = Release|Any CPU
		{4473CE41-F2E9-4469-B833-4887AB3AD43E}.Release|Any CPU.Build.0 = Release|Any CPU
	EndGlobalSection
	GlobalSection(SolutionProperties) = preSolution
		HideSolutionNode = FALSE
	EndGlobalSection
	GlobalSection(ExtensibilityGlobals) = postSolution
		SolutionGuid = {5D29A6F2-667B-4585-9193-88A7B0799CF1}
	EndGlobalSection
EndGlobal
